
Microsoft Visual Studio Solution File, Format Version 12.00
# Visual Studio Version 17
VisualStudioVersion = 17.14.36414.22 d17.14
MinimumVisualStudioVersion = 10.0.40219.1
Project("{FAE04EC0-301F-11D3-BF4B-00C04F79EFBC}") = "ConsoleApp1", "ConsoleApp1\ConsoleApp1.csproj", "{469284DB-791B-4940-BA06-4E20944C61B2}"
EndProject
Global
	GlobalSection(SolutionConfigurationPlatforms) = preSolution
		Debug|Any CPU = Debug|Any CPU
		Release|Any CPU = Release|Any CPU
	EndGlobalSection
	GlobalSection(ProjectConfigurationPlatforms) = postSolution
		{469284DB-791B-4940-BA06-4E20944C61B2}.Debug|Any CPU.ActiveCfg = Debug|Any CPU
		{469284DB-791B-4940-BA06-4E20944C61B2}.Debug|Any CPU.Build.0 = Debug|Any CPU
		{469284DB-791B-4940-BA06-4E20944C61B2}.Release|Any CPU.ActiveCfg = Release|Any CPU
		{469284DB-791B-4940-BA06-4E20944C61B2}.Release|Any CPU.Build.0 = Release|Any CPU
	EndGlobalSection
	GlobalSection(SolutionProperties) = preSolution
		HideSolutionNode = FALSE
	EndGlobalSection
	GlobalSection(ExtensibilityGlobals) = postSolution
		SolutionGuid = {70AEBAEF-4175-47F4-8428-D1554D7F3205}
	EndGlobalSection
EndGlobal
