
Microsoft Visual Studio Solution File, Format Version 12.00
# Visual Studio Version 17
VisualStudioVersion = 17.14.36414.22 d17.14
MinimumVisualStudioVersion = 10.0.40219.1
Project("{FAE04EC0-301F-11D3-BF4B-00C04F79EFBC}") = "practica1_EJ1", "practica1_EJ1\practica1_EJ1.csproj", "{1BFDD890-7AA5-4C20-8188-A70F84D77BB7}"
EndProject
Global
	GlobalSection(SolutionConfigurationPlatforms) = preSolution
		Debug|Any CPU = Debug|Any CPU
		Release|Any CPU = Release|Any CPU
	EndGlobalSection
	GlobalSection(ProjectConfigurationPlatforms) = postSolution
		{1BFDD890-7AA5-4C20-8188-A70F84D77BB7}.Debug|Any CPU.ActiveCfg = Debug|Any CPU
		{1BFDD890-7AA5-4C20-8188-A70F84D77BB7}.Debug|Any CPU.Build.0 = Debug|Any CPU
		{1BFDD890-7AA5-4C20-8188-A70F84D77BB7}.Release|Any CPU.ActiveCfg = Release|Any CPU
		{1BFDD890-7AA5-4C20-8188-A70F84D77BB7}.Release|Any CPU.Build.0 = Release|Any CPU
	EndGlobalSection
	GlobalSection(SolutionProperties) = preSolution
		HideSolutionNode = FALSE
	EndGlobalSection
	GlobalSection(ExtensibilityGlobals) = postSolution
		SolutionGuid = {49F935CB-137B-484D-8313-A22A086A78CF}
	EndGlobalSection
EndGlobal
